
Microsoft Visual Studio Solution File, Format Version 12.00
# Visual Studio Version 16
VisualStudioVersion = 16.0.31025.194
MinimumVisualStudioVersion = 10.0.40219.1
Project("{FAE04EC0-301F-11D3-BF4B-00C04F79EFBC}") = "Kart_02", "Kart_02\Kart_02.csproj", "{75851D70-6E53-4DF7-84F0-5D9ED2FA1D9E}"
EndProject
Project("{FAE04EC0-301F-11D3-BF4B-00C04F79EFBC}") = "Test_Kart_02", "Test_Kart_02\Test_Kart_02.csproj", "{469B5F89-D51C-4798-B108-6E7488ACE693}"
EndProject
Global
	GlobalSection(SolutionConfigurationPlatforms) = preSolution
		Debug|Any CPU = Debug|Any CPU
		Release|Any CPU = Release|Any CPU
	EndGlobalSection
	GlobalSection(ProjectConfigurationPlatforms) = postSolution
		{75851D70-6E53-4DF7-84F0-5D9ED2FA1D9E}.Debug|Any CPU.ActiveCfg = Debug|Any CPU
		{75851D70-6E53-4DF7-84F0-5D9ED2FA1D9E}.Debug|Any CPU.Build.0 = Debug|Any CPU
		{75851D70-6E53-4DF7-84F0-5D9ED2FA1D9E}.Release|Any CPU.ActiveCfg = Release|Any CPU
		{75851D70-6E53-4DF7-84F0-5D9ED2FA1D9E}.Release|Any CPU.Build.0 = Release|Any CPU
		{469B5F89-D51C-4798-B108-6E7488ACE693}.Debug|Any CPU.ActiveCfg = Debug|Any CPU
		{469B5F89-D51C-4798-B108-6E7488ACE693}.Debug|Any CPU.Build.0 = Debug|Any CPU
		{469B5F89-D51C-4798-B108-6E7488ACE693}.Release|Any CPU.ActiveCfg = Release|Any CPU
		{469B5F89-D51C-4798-B108-6E7488ACE693}.Release|Any CPU.Build.0 = Release|Any CPU
	EndGlobalSection
	GlobalSection(SolutionProperties) = preSolution
		HideSolutionNode = FALSE
	EndGlobalSection
	GlobalSection(ExtensibilityGlobals) = postSolution
		SolutionGuid = {4B26A649-9E92-41F8-88AD-64DB523E9135}
	EndGlobalSection
EndGlobal
